
Microsoft Visual Studio Solution File, Format Version 12.00
# Visual Studio Version 17
VisualStudioVersion = 17.3.32825.248
MinimumVisualStudioVersion = 10.0.40219.1
Project("{FAE04EC0-301F-11D3-BF4B-00C04F79EFBC}") = "COMP2084-Lesson1", "COMP2084-Lesson1\COMP2084-Lesson1.csproj", "{7AC7D1CC-1B4C-4664-82D9-EDF5763AEB24}"
EndProject
Global
	GlobalSection(SolutionConfigurationPlatforms) = preSolution
		Debug|Any CPU = Debug|Any CPU
		Release|Any CPU = Release|Any CPU
	EndGlobalSection
	GlobalSection(ProjectConfigurationPlatforms) = postSolution
		{7AC7D1CC-1B4C-4664-82D9-EDF5763AEB24}.Debug|Any CPU.ActiveCfg = Debug|Any CPU
		{7AC7D1CC-1B4C-4664-82D9-EDF5763AEB24}.Debug|Any CPU.Build.0 = Debug|Any CPU
		{7AC7D1CC-1B4C-4664-82D9-EDF5763AEB24}.Release|Any CPU.ActiveCfg = Release|Any CPU
		{7AC7D1CC-1B4C-4664-82D9-EDF5763AEB24}.Release|Any CPU.Build.0 = Release|Any CPU
	EndGlobalSection
	GlobalSection(SolutionProperties) = preSolution
		HideSolutionNode = FALSE
	EndGlobalSection
	GlobalSection(ExtensibilityGlobals) = postSolution
		SolutionGuid = {F16E84FD-F802-4247-B63B-9D77542E36DD}
	EndGlobalSection
EndGlobal
